
Microsoft Visual Studio Solution File, Format Version 12.00
# Visual Studio 15
Project("{FAE04EC0-301F-11D3-BF4B-00C04F79EFBC}") = "Assembly-CSharp", "Assembly-CSharp.csproj", "{5C8ECBF0-3537-7922-8EC4-5891D087E93A}"
EndProject
Project("{FAE04EC0-301F-11D3-BF4B-00C04F79EFBC}") = "Assembly-CSharp-Editor", "Assembly-CSharp-Editor.csproj", "{B71575B6-D688-CE15-1935-93D93684782D}"
EndProject
Global
	GlobalSection(SolutionConfigurationPlatforms) = preSolution
		Debug|Any CPU = Debug|Any CPU
		Release|Any CPU = Release|Any CPU
	EndGlobalSection
	GlobalSection(ProjectConfigurationPlatforms) = postSolution
		{5C8ECBF0-3537-7922-8EC4-5891D087E93A}.Debug|Any CPU.ActiveCfg = Debug|Any CPU
		{5C8ECBF0-3537-7922-8EC4-5891D087E93A}.Debug|Any CPU.Build.0 = Debug|Any CPU
		{5C8ECBF0-3537-7922-8EC4-5891D087E93A}.Release|Any CPU.ActiveCfg = Release|Any CPU
		{5C8ECBF0-3537-7922-8EC4-5891D087E93A}.Release|Any CPU.Build.0 = Release|Any CPU
		{B71575B6-D688-CE15-1935-93D93684782D}.Debug|Any CPU.ActiveCfg = Debug|Any CPU
		{B71575B6-D688-CE15-1935-93D93684782D}.Debug|Any CPU.Build.0 = Debug|Any CPU
		{B71575B6-D688-CE15-1935-93D93684782D}.Release|Any CPU.ActiveCfg = Release|Any CPU
		{B71575B6-D688-CE15-1935-93D93684782D}.Release|Any CPU.Build.0 = Release|Any CPU
	EndGlobalSection
	GlobalSection(SolutionProperties) = preSolution
		HideSolutionNode = FALSE
	EndGlobalSection
EndGlobal
